// !$*UTF8*$!
{
	archiveVersion = 1;
	classes = {
	};
	objectVersion = 46;
	objects = {

/* Begin PBXBuildFile section */
		5235B9471AAF825500685BAF /* MacRegex.help in Resources */ = {isa = PBXBuildFile; fileRef = 5235B9461AAF825500685BAF /* MacRegex.help */; };
		524747221AA4CDD5005652B1 /* AppDelegate.m in Sources */ = {isa = PBXBuildFile; fileRef = 524747211AA4CDD5005652B1 /* AppDelegate.m */; };
		524747241AA4CDD5005652B1 /* main.m in Sources */ = {isa = PBXBuildFile; fileRef = 524747231AA4CDD5005652B1 /* main.m */; };
		524747261AA4CDD5005652B1 /* Images.xcassets in Resources */ = {isa = PBXBuildFile; fileRef = 524747251AA4CDD5005652B1 /* Images.xcassets */; };
		524747291AA4CDD5005652B1 /* MainMenu.xib in Resources */ = {isa = PBXBuildFile; fileRef = 524747271AA4CDD5005652B1 /* MainMenu.xib */; };
		524747351AA4CDD5005652B1 /* MacRegexTests.m in Sources */ = {isa = PBXBuildFile; fileRef = 524747341AA4CDD5005652B1 /* MacRegexTests.m */; };
/* End PBXBuildFile section */

/* Begin PBXContainerItemProxy section */
		5247472F1AA4CDD5005652B1 /* PBXContainerItemProxy */ = {
			isa = PBXContainerItemProxy;
			containerPortal = 524747131AA4CDD5005652B1 /* Project object */;
			proxyType = 1;
			remoteGlobalIDString = 5247471A1AA4CDD5005652B1;
			remoteInfo = reggy2;
		};
/* End PBXContainerItemProxy section */

/* Begin PBXFileReference section */
		5235B9461AAF825500685BAF /* MacRegex.help */ = {isa = PBXFileReference; lastKnownFileType = folder; name = MacRegex.help; path = reggy2/MacRegex.help; sourceTree = "<group>"; };
		5247471B1AA4CDD5005652B1 /* MacRegex.app */ = {isa = PBXFileReference; explicitFileType = wrapper.application; includeInIndex = 0; path = MacRegex.app; sourceTree = BUILT_PRODUCTS_DIR; };
		5247471F1AA4CDD5005652B1 /* Info.plist */ = {isa = PBXFileReference; lastKnownFileType = text.plist.xml; path = Info.plist; sourceTree = "<group>"; };
		524747201AA4CDD5005652B1 /* AppDelegate.h */ = {isa = PBXFileReference; lastKnownFileType = sourcecode.c.h; path = AppDelegate.h; sourceTree = "<group>"; };
		524747211AA4CDD5005652B1 /* AppDelegate.m */ = {isa = PBXFileReference; lastKnownFileType = sourcecode.c.objc; path = AppDelegate.m; sourceTree = "<group>"; };
		524747231AA4CDD5005652B1 /* main.m */ = {isa = PBXFileReference; lastKnownFileType = sourcecode.c.objc; path = main.m; sourceTree = "<group>"; };
		524747251AA4CDD5005652B1 /* Images.xcassets */ = {isa = PBXFileReference; lastKnownFileType = folder.assetcatalog; path = Images.xcassets; sourceTree = "<group>"; };
		524747281AA4CDD5005652B1 /* Base */ = {isa = PBXFileReference; lastKnownFileType = file.xib; name = Base; path = Base.lproj/MainMenu.xib; sourceTree = "<group>"; };
		5247472E1AA4CDD5005652B1 /* MacRegexTests.xctest */ = {isa = PBXFileReference; explicitFileType = wrapper.cfbundle; includeInIndex = 0; path = MacRegexTests.xctest; sourceTree = BUILT_PRODUCTS_DIR; };
		524747331AA4CDD5005652B1 /* Info.plist */ = {isa = PBXFileReference; lastKnownFileType = text.plist.xml; path = Info.plist; sourceTree = "<group>"; };
		524747341AA4CDD5005652B1 /* MacRegexTests.m */ = {isa = PBXFileReference; lastKnownFileType = sourcecode.c.objc; path = MacRegexTests.m; sourceTree = "<group>"; };
/* End PBXFileReference section */

/* Begin PBXFrameworksBuildPhase section */
		524747181AA4CDD5005652B1 /* Frameworks */ = {
			isa = PBXFrameworksBuildPhase;
			buildActionMask = 2147483647;
			files = (
			);
			runOnlyForDeploymentPostprocessing = 0;
		};
		5247472B1AA4CDD5005652B1 /* Frameworks */ = {
			isa = PBXFrameworksBuildPhase;
			buildActionMask = 2147483647;
			files = (
			);
			runOnlyForDeploymentPostprocessing = 0;
		};
/* End PBXFrameworksBuildPhase section */

/* Begin PBXGroup section */
		524747121AA4CDD5005652B1 = {
			isa = PBXGroup;
			children = (
				5235B9461AAF825500685BAF /* MacRegex.help */,
				5247471D1AA4CDD5005652B1 /* MacRegex */,
				524747311AA4CDD5005652B1 /* MacRegexTests */,
				5247471C1AA4CDD5005652B1 /* Products */,
			);
			sourceTree = "<group>";
		};
		5247471C1AA4CDD5005652B1 /* Products */ = {
			isa = PBXGroup;
			children = (
				5247471B1AA4CDD5005652B1 /* MacRegex.app */,
				5247472E1AA4CDD5005652B1 /* MacRegexTests.xctest */,
			);
			name = Products;
			sourceTree = "<group>";
		};
		5247471D1AA4CDD5005652B1 /* MacRegex */ = {
			isa = PBXGroup;
			children = (
				524747201AA4CDD5005652B1 /* AppDelegate.h */,
				524747211AA4CDD5005652B1 /* AppDelegate.m */,
				524747251AA4CDD5005652B1 /* Images.xcassets */,
				524747271AA4CDD5005652B1 /* MainMenu.xib */,
				5247471E1AA4CDD5005652B1 /* Supporting Files */,
			);
			name = MacRegex;
			path = reggy2;
			sourceTree = "<group>";
		};
		5247471E1AA4CDD5005652B1 /* Supporting Files */ = {
			isa = PBXGroup;
			children = (
				5247471F1AA4CDD5005652B1 /* Info.plist */,
				524747231AA4CDD5005652B1 /* main.m */,
			);
			name = "Supporting Files";
			sourceTree = "<group>";
		};
		524747311AA4CDD5005652B1 /* MacRegexTests */ = {
			isa = PBXGroup;
			children = (
				524747341AA4CDD5005652B1 /* MacRegexTests.m */,
				524747321AA4CDD5005652B1 /* Supporting Files */,
			);
			name = MacRegexTests;
			path = reggy2Tests;
			sourceTree = "<group>";
		};
		524747321AA4CDD5005652B1 /* Supporting Files */ = {
			isa = PBXGroup;
			children = (
				524747331AA4CDD5005652B1 /* Info.plist */,
			);
			name = "Supporting Files";
			sourceTree = "<group>";
		};
/* End PBXGroup section */

/* Begin PBXNativeTarget section */
		5247471A1AA4CDD5005652B1 /* MacRegex */ = {
			isa = PBXNativeTarget;
			buildConfigurationList = 524747381AA4CDD5005652B1 /* Build configuration list for PBXNativeTarget "MacRegex" */;
			buildPhases = (
				524747171AA4CDD5005652B1 /* Sources */,
				524747181AA4CDD5005652B1 /* Frameworks */,
				524747191AA4CDD5005652B1 /* Resources */,
			);
			buildRules = (
			);
			dependencies = (
			);
			name = MacRegex;
			productName = reggy2;
			productReference = 5247471B1AA4CDD5005652B1 /* MacRegex.app */;
			productType = "com.apple.product-type.application";
		};
		5247472D1AA4CDD5005652B1 /* MacRegexTests */ = {
			isa = PBXNativeTarget;
			buildConfigurationList = 5247473B1AA4CDD5005652B1 /* Build configuration list for PBXNativeTarget "MacRegexTests" */;
			buildPhases = (
				5247472A1AA4CDD5005652B1 /* Sources */,
				5247472B1AA4CDD5005652B1 /* Frameworks */,
				5247472C1AA4CDD5005652B1 /* Resources */,
			);
			buildRules = (
			);
			dependencies = (
				524747301AA4CDD5005652B1 /* PBXTargetDependency */,
			);
			name = MacRegexTests;
			productName = reggy2Tests;
			productReference = 5247472E1AA4CDD5005652B1 /* MacRegexTests.xctest */;
			productType = "com.apple.product-type.bundle.unit-test";
		};
/* End PBXNativeTarget section */

/* Begin PBXProject section */
		524747131AA4CDD5005652B1 /* Project object */ = {
			isa = PBXProject;
			attributes = {
				LastUpgradeCheck = 0610;
				ORGANIZATIONNAME = "David R. Catteeuw";
				TargetAttributes = {
					5247471A1AA4CDD5005652B1 = {
						CreatedOnToolsVersion = 6.1.1;
					};
					5247472D1AA4CDD5005652B1 = {
						CreatedOnToolsVersion = 6.1.1;
						TestTargetID = 5247471A1AA4CDD5005652B1;
					};
				};
			};
			buildConfigurationList = 524747161AA4CDD5005652B1 /* Build configuration list for PBXProject "MacRegex" */;
			compatibilityVersion = "Xcode 3.2";
			developmentRegion = English;
			hasScannedForEncodings = 0;
			knownRegions = (
				en,
				Base,
				English,
			);
			mainGroup = 524747121AA4CDD5005652B1;
			productRefGroup = 5247471C1AA4CDD5005652B1 /* Products */;
			projectDirPath = "";
			projectRoot = "";
			targets = (
				5247471A1AA4CDD5005652B1 /* MacRegex */,
				5247472D1AA4CDD5005652B1 /* MacRegexTests */,
			);
		};
/* End PBXProject section */

/* Begin PBXResourcesBuildPhase section */
		524747191AA4CDD5005652B1 /* Resources */ = {
			isa = PBXResourcesBuildPhase;
			buildActionMask = 2147483647;
			files = (
				524747261AA4CDD5005652B1 /* Images.xcassets in Resources */,
				524747291AA4CDD5005652B1 /* MainMenu.xib in Resources */,
				5235B9471AAF825500685BAF /* MacRegex.help in Resources */,
			);
			runOnlyForDeploymentPostprocessing = 0;
		};
		5247472C1AA4CDD5005652B1 /* Resources */ = {
			isa = PBXResourcesBuildPhase;
			buildActionMask = 2147483647;
			files = (
			);
			runOnlyForDeploymentPostprocessing = 0;
		};
/* End PBXResourcesBuildPhase section */

/* Begin PBXSourcesBuildPhase section */
		524747171AA4CDD5005652B1 /* Sources */ = {
			isa = PBXSourcesBuildPhase;
			buildActionMask = 2147483647;
			files = (
				524747241AA4CDD5005652B1 /* main.m in Sources */,
				524747221AA4CDD5005652B1 /* AppDelegate.m in Sources */,
			);
			runOnlyForDeploymentPostprocessing = 0;
		};
		5247472A1AA4CDD5005652B1 /* Sources */ = {
			isa = PBXSourcesBuildPhase;
			buildActionMask = 2147483647;
			files = (
				524747351AA4CDD5005652B1 /* MacRegexTests.m in Sources */,
			);
			runOnlyForDeploymentPostprocessing = 0;
		};
/* End PBXSourcesBuildPhase section */

/* Begin PBXTargetDependency section */
		524747301AA4CDD5005652B1 /* PBXTargetDependency */ = {
			isa = PBXTargetDependency;
			target = 5247471A1AA4CDD5005652B1 /* MacRegex */;
			targetProxy = 5247472F1AA4CDD5005652B1 /* PBXContainerItemProxy */;
		};
/* End PBXTargetDependency section */

/* Begin PBXVariantGroup section */
		524747271AA4CDD5005652B1 /* MainMenu.xib */ = {
			isa = PBXVariantGroup;
			children = (
				524747281AA4CDD5005652B1 /* Base */,
			);
			name = MainMenu.xib;
			sourceTree = "<group>";
		};
/* End PBXVariantGroup section */

/* Begin XCBuildConfiguration section */
		524747361AA4CDD5005652B1 /* Debug */ = {
			isa = XCBuildConfiguration;
			buildSettings = {
				ALWAYS_SEARCH_USER_PATHS = NO;
				CLANG_CXX_LANGUAGE_STANDARD = "gnu++0x";
				CLANG_CXX_LIBRARY = "libc++";
				CLANG_ENABLE_MODULES = YES;
				CLANG_ENABLE_OBJC_ARC = YES;
				CLANG_WARN_BOOL_CONVERSION = YES;
				CLANG_WARN_CONSTANT_CONVERSION = YES;
				CLANG_WARN_DIRECT_OBJC_ISA_USAGE = YES_ERROR;
				CLANG_WARN_EMPTY_BODY = YES;
				CLANG_WARN_ENUM_CONVERSION = YES;
				CLANG_WARN_INT_CONVERSION = YES;
				CLANG_WARN_OBJC_ROOT_CLASS = YES_ERROR;
				CLANG_WARN_UNREACHABLE_CODE = YES;
				CLANG_WARN__DUPLICATE_METHOD_MATCH = YES;
				CODE_SIGN_IDENTITY = "-";
				COPY_PHASE_STRIP = NO;
				ENABLE_STRICT_OBJC_MSGSEND = YES;
				GCC_C_LANGUAGE_STANDARD = gnu99;
				GCC_DYNAMIC_NO_PIC = NO;
				GCC_OPTIMIZATION_LEVEL = 0;
				GCC_PREPROCESSOR_DEFINITIONS = (
					"DEBUG=1",
					"$(inherited)",
				);
				GCC_SYMBOLS_PRIVATE_EXTERN = NO;
				GCC_WARN_64_TO_32_BIT_CONVERSION = YES;
				GCC_WARN_ABOUT_RETURN_TYPE = YES_ERROR;
				GCC_WARN_UNDECLARED_SELECTOR = YES;
				GCC_WARN_UNINITIALIZED_AUTOS = YES_AGGRESSIVE;
				GCC_WARN_UNUSED_FUNCTION = YES;
				GCC_WARN_UNUSED_VARIABLE = YES;
				MACOSX_DEPLOYMENT_TARGET = 10.10;
				MTL_ENABLE_DEBUG_INFO = YES;
				ONLY_ACTIVE_ARCH = YES;
				SDKROOT = macosx;
			};
			name = Debug;
		};
		524747371AA4CDD5005652B1 /* Release */ = {
			isa = XCBuildConfiguration;
			buildSettings = {
				ALWAYS_SEARCH_USER_PATHS = NO;
				CLANG_CXX_LANGUAGE_STANDARD = "gnu++0x";
				CLANG_CXX_LIBRARY = "libc++";
				CLANG_ENABLE_MODULES = YES;
				CLANG_ENABLE_OBJC_ARC = YES;
				CLANG_WARN_BOOL_CONVERSION = YES;
				CLANG_WARN_CONSTANT_CONVERSION = YES;
				CLANG_WARN_DIRECT_OBJC_ISA_USAGE = YES_ERROR;
				CLANG_WARN_EMPTY_BODY = YES;
				CLANG_WARN_ENUM_CONVERSION = YES;
				CLANG_WARN_INT_CONVERSION = YES;
				CLANG_WARN_OBJC_ROOT_CLASS = YES_ERROR;
				CLANG_WARN_UNREACHABLE_CODE = YES;
				CLANG_WARN__DUPLICATE_METHOD_MATCH = YES;
				CODE_SIGN_IDENTITY = "-";
				COPY_PHASE_STRIP = YES;
				DEBUG_INFORMATION_FORMAT = "dwarf-with-dsym";
				ENABLE_NS_ASSERTIONS = NO;
				ENABLE_STRICT_OBJC_MSGSEND = YES;
				GCC_C_LANGUAGE_STANDARD = gnu99;
				GCC_WARN_64_TO_32_BIT_CONVERSION = YES;
				GCC_WARN_ABOUT_RETURN_TYPE = YES_ERROR;
				GCC_WARN_UNDECLARED_SELECTOR = YES;
				GCC_WARN_UNINITIALIZED_AUTOS = YES_AGGRESSIVE;
				GCC_WARN_UNUSED_FUNCTION = YES;
				GCC_WARN_UNUSED_VARIABLE = YES;
				MACOSX_DEPLOYMENT_TARGET = 10.10;
				MTL_ENABLE_DEBUG_INFO = NO;
				SDKROOT = macosx;
			};
			name = Release;
		};
		524747391AA4CDD5005652B1 /* Debug */ = {
			isa = XCBuildConfiguration;
			buildSettings = {
				ASSETCATALOG_COMPILER_APPICON_NAME = AppIcon;
				COMBINE_HIDPI_IMAGES = YES;
				INFOPLIST_FILE = reggy2/Info.plist;
				LD_RUNPATH_SEARCH_PATHS = "$(inherited) @executable_path/../Frameworks";
				PRODUCT_NAME = MacRegex;
			};
			name = Debug;
		};
		5247473A1AA4CDD5005652B1 /* Release */ = {
			isa = XCBuildConfiguration;
			buildSettings = {
				ASSETCATALOG_COMPILER_APPICON_NAME = AppIcon;
				COMBINE_HIDPI_IMAGES = YES;
				INFOPLIST_FILE = reggy2/Info.plist;
				LD_RUNPATH_SEARCH_PATHS = "$(inherited) @executable_path/../Frameworks";
				PRODUCT_NAME = MacRegex;
			};
			name = Release;
		};
		5247473C1AA4CDD5005652B1 /* Debug */ = {
			isa = XCBuildConfiguration;
			buildSettings = {
				BUNDLE_LOADER = "$(TEST_HOST)";
				COMBINE_HIDPI_IMAGES = YES;
				FRAMEWORK_SEARCH_PATHS = (
					"$(DEVELOPER_FRAMEWORKS_DIR)",
					"$(inherited)",
				);
				GCC_PREPROCESSOR_DEFINITIONS = (
					"DEBUG=1",
					"$(inherited)",
				);
				INFOPLIST_FILE = reggy2Tests/Info.plist;
				LD_RUNPATH_SEARCH_PATHS = "$(inherited) @executable_path/../Frameworks @loader_path/../Frameworks";
				PRODUCT_NAME = MacRegexTests;
				TEST_HOST = "$(BUILT_PRODUCTS_DIR)/reggy2.app/Contents/MacOS/reggy2";
			};
			name = Debug;
		};
		5247473D1AA4CDD5005652B1 /* Release */ = {
			isa = XCBuildConfiguration;
			buildSettings = {
				BUNDLE_LOADER = "$(TEST_HOST)";
				COMBINE_HIDPI_IMAGES = YES;
				FRAMEWORK_SEARCH_PATHS = (
					"$(DEVELOPER_FRAMEWORKS_DIR)",
					"$(inherited)",
				);
				INFOPLIST_FILE = reggy2Tests/Info.plist;
				LD_RUNPATH_SEARCH_PATHS = "$(inherited) @executable_path/../Frameworks @loader_path/../Frameworks";
				PRODUCT_NAME = MacRegexTests;
				TEST_HOST = "$(BUILT_PRODUCTS_DIR)/reggy2.app/Contents/MacOS/reggy2";
			};
			name = Release;
		};
/* End XCBuildConfiguration section */

/* Begin XCConfigurationList section */
		524747161AA4CDD5005652B1 /* Build configuration list for PBXProject "MacRegex" */ = {
			isa = XCConfigurationList;
			buildConfigurations = (
				524747361AA4CDD5005652B1 /* Debug */,
				524747371AA4CDD5005652B1 /* Release */,
			);
			defaultConfigurationIsVisible = 0;
			defaultConfigurationName = Release;
		};
		524747381AA4CDD5005652B1 /* Build configuration list for PBXNativeTarget "MacRegex" */ = {
			isa = XCConfigurationList;
			buildConfigurations = (
				524747391AA4CDD5005652B1 /* Debug */,
				5247473A1AA4CDD5005652B1 /* Release */,
			);
			defaultConfigurationIsVisible = 0;
			defaultConfigurationName = Release;
		};
		5247473B1AA4CDD5005652B1 /* Build configuration list for PBXNativeTarget "MacRegexTests" */ = {
			isa = XCConfigurationList;
			buildConfigurations = (
				5247473C1AA4CDD5005652B1 /* Debug */,
				5247473D1AA4CDD5005652B1 /* Release */,
			);
			defaultConfigurationIsVisible = 0;
			defaultConfigurationName = Release;
		};
/* End XCConfigurationList section */
	};
	rootObject = 524747131AA4CDD5005652B1 /* Project object */;
}
